{
  "name": "harden-my-repo",
  "version": "1.0.1",
  "lockfileVersion": 3,
  "requires": true,
  "packages": {
    "": {
      "name": "harden-my-repo",
      "version": "1.0.1",
      "license": "MIT",
      "bin": {
        "harden-my-repo": "src/cli.mjs"
      },
      "engines": {
        "node": ">=20"
      }
    }
  }
}
